
Microsoft Visual Studio Solution File, Format Version 12.00
# Visual Studio 15
VisualStudioVersion = 15.0.26730.16
MinimumVisualStudioVersion = 10.0.40219.1
Project("{FAE04EC0-301F-11D3-BF4B-00C04F79EFBC}") = "LightsOut", "LightsOut.csproj", "{471A9DA7-A0D3-476B-8096-FC827A770B92}"
EndProject
Global
	GlobalSection(SolutionConfigurationPlatforms) = preSolution
		Debug|Any CPU = Debug|Any CPU
		Release|Any CPU = Release|Any CPU
	EndGlobalSection
	GlobalSection(ProjectConfigurationPlatforms) = postSolution
		{471A9DA7-A0D3-476B-8096-FC827A770B92}.Debug|Any CPU.ActiveCfg = Debug|Any CPU
		{471A9DA7-A0D3-476B-8096-FC827A770B92}.Debug|Any CPU.Build.0 = Debug|Any CPU
		{471A9DA7-A0D3-476B-8096-FC827A770B92}.Release|Any CPU.ActiveCfg = Release|Any CPU
		{471A9DA7-A0D3-476B-8096-FC827A770B92}.Release|Any CPU.Build.0 = Release|Any CPU
	EndGlobalSection
	GlobalSection(SolutionProperties) = preSolution
		HideSolutionNode = FALSE
	EndGlobalSection
	GlobalSection(ExtensibilityGlobals) = postSolution
		SolutionGuid = {4D2E76D8-FA1E-4271-AB74-6A616C515910}
	EndGlobalSection
EndGlobal
